
Microsoft Visual Studio Solution File, Format Version 12.00
# Visual Studio Version 16
VisualStudioVersion = 16.0.30204.135
MinimumVisualStudioVersion = 10.0.40219.1
Project("{FAE04EC0-301F-11D3-BF4B-00C04F79EFBC}") = "StackExercise", "StackExercise\StackExercise.csproj", "{57A124D9-6ED2-4636-89F1-C97DDC675047}"
EndProject
Global
	GlobalSection(SolutionConfigurationPlatforms) = preSolution
		Debug|Any CPU = Debug|Any CPU
		Release|Any CPU = Release|Any CPU
	EndGlobalSection
	GlobalSection(ProjectConfigurationPlatforms) = postSolution
		{57A124D9-6ED2-4636-89F1-C97DDC675047}.Debug|Any CPU.ActiveCfg = Debug|Any CPU
		{57A124D9-6ED2-4636-89F1-C97DDC675047}.Debug|Any CPU.Build.0 = Debug|Any CPU
		{57A124D9-6ED2-4636-89F1-C97DDC675047}.Release|Any CPU.ActiveCfg = Release|Any CPU
		{57A124D9-6ED2-4636-89F1-C97DDC675047}.Release|Any CPU.Build.0 = Release|Any CPU
	EndGlobalSection
	GlobalSection(SolutionProperties) = preSolution
		HideSolutionNode = FALSE
	EndGlobalSection
	GlobalSection(ExtensibilityGlobals) = postSolution
		SolutionGuid = {DCEC7E83-70E4-4D3D-96F3-E05B35A94836}
	EndGlobalSection
EndGlobal
